
Microsoft Visual Studio Solution File, Format Version 12.00
# Visual Studio Express 2013 for Windows Desktop
VisualStudioVersion = 12.0.31101.0
MinimumVisualStudioVersion = 10.0.40219.1
Project("{8BC9CEB8-8B4A-11D0-8D11-00A0C91BC942}") = "SDL Class Project", "SDL Class Project\SDL Class Project.vcxproj", "{CC707DAD-4F54-4024-A4DA-2A518934770A}"
EndProject
Global
	GlobalSection(SolutionConfigurationPlatforms) = preSolution
		Debug|Win32 = Debug|Win32
		Release|Win32 = Release|Win32
	EndGlobalSection
	GlobalSection(ProjectConfigurationPlatforms) = postSolution
		{CC707DAD-4F54-4024-A4DA-2A518934770A}.Debug|Win32.ActiveCfg = Debug|Win32
		{CC707DAD-4F54-4024-A4DA-2A518934770A}.Debug|Win32.Build.0 = Debug|Win32
		{CC707DAD-4F54-4024-A4DA-2A518934770A}.Release|Win32.ActiveCfg = Release|Win32
		{CC707DAD-4F54-4024-A4DA-2A518934770A}.Release|Win32.Build.0 = Release|Win32
	EndGlobalSection
	GlobalSection(SolutionProperties) = preSolution
		HideSolutionNode = FALSE
	EndGlobalSection
EndGlobal
