<?xml version="1.0" encoding="utf-8"?>
<Project ToolsVersion="4.0" xmlns="http://schemas.microsoft.com/developer/msbuild/2003">
  <ItemGroup>
    <Filter Include="Source Files">
      <UniqueIdentifier>{4FC737F1-C7A5-4376-A066-2A32D752A2FF}</UniqueIdentifier>
      <Extensions>cpp;c;cc;cxx;def;odl;idl;hpj;bat;asm;asmx</Extensions>
    </Filter>
    <Filter Include="Header Files">
      <UniqueIdentifier>{93995380-89BD-4b04-88EB-625FBE52EBFB}</UniqueIdentifier>
      <Extensions>h;hh;hpp;hxx;hm;inl;inc;xsd</Extensions>
    </Filter>
    <Filter Include="Resource Files">
      <UniqueIdentifier>{67DA6AB6-F800-4c08-8B7A-83BB121AAD01}</UniqueIdentifier>
      <Extensions>rc;ico;cur;bmp;dlg;rc2;rct;bin;rgs;gif;jpg;jpeg;jpe;resx;tiff;tif;png;wav;mfcribbon-ms</Extensions>
    </Filter>
    <Filter Include="Header Files\Globals">
      <UniqueIdentifier>{95be1362-4b3a-44af-9616-b154960f76b6}</UniqueIdentifier>
    </Filter>
    <Filter Include="Resource Files\Globals">
      <UniqueIdentifier>{dc395ea8-4bb4-4554-b873-021e99c2d5d3}</UniqueIdentifier>
    </Filter>
    <Filter Include="Resource Files\Scenes">
      <UniqueIdentifier>{bc290e94-dfb0-4f65-8b05-0911971e2fe2}</UniqueIdentifier>
    </Filter>
    <Filter Include="Header Files\Scenes">
      <UniqueIdentifier>{21a093b1-1ce9-43bc-ae7a-747fa6dc2cfb}</UniqueIdentifier>
    </Filter>
    <Filter Include="Resource Files\Scenes\Levels">
      <UniqueIdentifier>{c5ee88a1-1277-4613-9d6b-516b34b8c7fc}</UniqueIdentifier>
    </Filter>
    <Filter Include="Header Files\Scenes\Levels">
      <UniqueIdentifier>{b91314c1-236d-4a41-a0b9-960e047af0e4}</UniqueIdentifier>
    </Filter>
  </ItemGroup>
  <ItemGroup>
    <ClCompile Include="Source.cpp">
      <Filter>Source Files</Filter>
    </ClCompile>
    <ClCompile Include="Button.cpp">
      <Filter>Resource Files\Globals</Filter>
    </ClCompile>
    <ClCompile Include="GameObject.cpp">
      <Filter>Resource Files\Globals</Filter>
    </ClCompile>
    <ClCompile Include="InputHandler.cpp">
      <Filter>Resource Files\Globals</Filter>
    </ClCompile>
    <ClCompile Include="MouseHandler.cpp">
      <Filter>Resource Files\Globals</Filter>
    </ClCompile>
    <ClCompile Include="Vector.cpp">
      <Filter>Resource Files\Globals</Filter>
    </ClCompile>
    <ClCompile Include="GameScene.cpp">
      <Filter>Resource Files\Globals</Filter>
    </ClCompile>
    <ClCompile Include="GameSceneManager.cpp">
      <Filter>Resource Files\Globals</Filter>
    </ClCompile>
    <ClCompile Include="Globals.cpp">
      <Filter>Resource Files\Globals</Filter>
    </ClCompile>
    <ClCompile Include="MenuScene.cpp">
      <Filter>Resource Files\Scenes</Filter>
    </ClCompile>
    <ClCompile Include="LevelSelection.cpp">
      <Filter>Resource Files\Scenes</Filter>
    </ClCompile>
    <ClCompile Include="LeaderboardScene.cpp">
      <Filter>Resource Files\Scenes</Filter>
    </ClCompile>
    <ClCompile Include="LevelTemplate.cpp">
      <Filter>Resource Files\Scenes\Levels</Filter>
    </ClCompile>
  </ItemGroup>
  <ItemGroup>
    <ClInclude Include="Button.h">
      <Filter>Header Files\Globals</Filter>
    </ClInclude>
    <ClInclude Include="GameObject.h">
      <Filter>Header Files\Globals</Filter>
    </ClInclude>
    <ClInclude Include="MouseHandler.h">
      <Filter>Header Files\Globals</Filter>
    </ClInclude>
    <ClInclude Include="Vector.h">
      <Filter>Header Files\Globals</Filter>
    </ClInclude>
    <ClInclude Include="InputHandler.h">
      <Filter>Header Files\Globals</Filter>
    </ClInclude>
    <ClInclude Include="GameScene.h">
      <Filter>Header Files\Globals</Filter>
    </ClInclude>
    <ClInclude Include="GameSceneManager.h">
      <Filter>Header Files\Globals</Filter>
    </ClInclude>
    <ClInclude Include="Globals.h">
      <Filter>Header Files\Globals</Filter>
    </ClInclude>
    <ClInclude Include="MenuScene.h">
      <Filter>Header Files\Scenes</Filter>
    </ClInclude>
    <ClInclude Include="LevelSelection.h">
      <Filter>Header Files\Scenes</Filter>
    </ClInclude>
    <ClInclude Include="LeaderboardScene.h">
      <Filter>Header Files\Scenes</Filter>
    </ClInclude>
    <ClInclude Include="LevelTemplate.h">
      <Filter>Header Files\Scenes\Levels</Filter>
    </ClInclude>
  </ItemGroup>
</Project>